// !$*UTF8*$!
{
	archiveVersion = 1;
	classes = {
	};
	objectVersion = 46;
	objects = {

/* Begin PBXBuildFile section */
		7A92822320F65F8000DC3623 /* trained_engine in Resources */ = {isa = PBXBuildFile; fileRef = 7A92822220F65F8000DC3623 /* trained_engine */; };
		7A92822420F65F8000DC3623 /* trained_engine in Resources */ = {isa = PBXBuildFile; fileRef = 7A92822220F65F8000DC3623 /* trained_engine */; };
		7A92822620F65F9200DC3623 /* trained_engine.zip in Resources */ = {isa = PBXBuildFile; fileRef = 7A92822520F65F9100DC3623 /* trained_engine.zip */; };
		7A92822720F65F9200DC3623 /* trained_engine.zip in Resources */ = {isa = PBXBuildFile; fileRef = 7A92822520F65F9100DC3623 /* trained_engine.zip */; };
		F76280F81EFD0AB000A6D248 /* NluEngine.swift in Sources */ = {isa = PBXBuildFile; fileRef = F76280F71EFD0AB000A6D248 /* NluEngine.swift */; };
		F76280F91EFD0AB000A6D248 /* NluEngine.swift in Sources */ = {isa = PBXBuildFile; fileRef = F76280F71EFD0AB000A6D248 /* NluEngine.swift */; };
		F76504C81EFD086C007FF022 /* SnipsNlu.framework in Frameworks */ = {isa = PBXBuildFile; fileRef = F76504BE1EFD086C007FF022 /* SnipsNlu.framework */; };
		F76504CF1EFD086C007FF022 /* SnipsNlu.h in Headers */ = {isa = PBXBuildFile; fileRef = F76504C11EFD086C007FF022 /* SnipsNlu.h */; settings = {ATTRIBUTES = (Public, ); }; };
		F76504E81EFD08A8007FF022 /* SnipsNlu.framework in Frameworks */ = {isa = PBXBuildFile; fileRef = F76504DF1EFD08A8007FF022 /* SnipsNlu.framework */; };
		F76505011EFD0A49007FF022 /* NluEngineTests.swift in Sources */ = {isa = PBXBuildFile; fileRef = F76504FE1EFD0A49007FF022 /* NluEngineTests.swift */; };
		F76505021EFD0A49007FF022 /* NluEngineTests.swift in Sources */ = {isa = PBXBuildFile; fileRef = F76504FE1EFD0A49007FF022 /* NluEngineTests.swift */; };
		F7FC427F2058178F0047F56A /* libbz2.tbd in Frameworks */ = {isa = PBXBuildFile; fileRef = F7FC427E2058178F0047F56A /* libbz2.tbd */; };
		F7FC4282205819C40047F56A /* libresolv.tbd in Frameworks */ = {isa = PBXBuildFile; fileRef = F7FC42802058198B0047F56A /* libresolv.tbd */; };
		F7FC428420581A270047F56A /* libresolv.tbd in Frameworks */ = {isa = PBXBuildFile; fileRef = F7FC428320581A270047F56A /* libresolv.tbd */; };
/* End PBXBuildFile section */

/* Begin PBXContainerItemProxy section */
		F76504C91EFD086C007FF022 /* PBXContainerItemProxy */ = {
			isa = PBXContainerItemProxy;
			containerPortal = F76504B51EFD086C007FF022 /* Project object */;
			proxyType = 1;
			remoteGlobalIDString = F76504BD1EFD086C007FF022;
			remoteInfo = SnipsNlu;
		};
		F76504E91EFD08A8007FF022 /* PBXContainerItemProxy */ = {
			isa = PBXContainerItemProxy;
			containerPortal = F76504B51EFD086C007FF022 /* Project object */;
			proxyType = 1;
			remoteGlobalIDString = F76504DE1EFD08A8007FF022;
			remoteInfo = "SnipsNlu-macOS";
		};
/* End PBXContainerItemProxy section */

/* Begin PBXFileReference section */
		7A92822220F65F8000DC3623 /* trained_engine */ = {isa = PBXFileReference; lastKnownFileType = folder; name = trained_engine; path = ../../../../data/tests/models/trained_engine; sourceTree = "<group>"; };
		7A92822520F65F9100DC3623 /* trained_engine.zip */ = {isa = PBXFileReference; lastKnownFileType = archive.zip; name = trained_engine.zip; path = ../../../../data/tests/models/trained_engine.zip; sourceTree = "<group>"; };
		F76280F71EFD0AB000A6D248 /* NluEngine.swift */ = {isa = PBXFileReference; fileEncoding = 4; lastKnownFileType = sourcecode.swift; path = NluEngine.swift; sourceTree = "<group>"; };
		F76504BE1EFD086C007FF022 /* SnipsNlu.framework */ = {isa = PBXFileReference; explicitFileType = wrapper.framework; includeInIndex = 0; path = SnipsNlu.framework; sourceTree = BUILT_PRODUCTS_DIR; };
		F76504C11EFD086C007FF022 /* SnipsNlu.h */ = {isa = PBXFileReference; lastKnownFileType = sourcecode.c.h; path = SnipsNlu.h; sourceTree = "<group>"; };
		F76504C21EFD086C007FF022 /* Info.plist */ = {isa = PBXFileReference; lastKnownFileType = text.plist.xml; path = Info.plist; sourceTree = "<group>"; };
		F76504C71EFD086C007FF022 /* SnipsNlu-iOSTests.xctest */ = {isa = PBXFileReference; explicitFileType = wrapper.cfbundle; includeInIndex = 0; path = "SnipsNlu-iOSTests.xctest"; sourceTree = BUILT_PRODUCTS_DIR; };
		F76504CE1EFD086C007FF022 /* Info.plist */ = {isa = PBXFileReference; lastKnownFileType = text.plist.xml; path = Info.plist; sourceTree = "<group>"; };
		F76504DF1EFD08A8007FF022 /* SnipsNlu.framework */ = {isa = PBXFileReference; explicitFileType = wrapper.framework; includeInIndex = 0; path = SnipsNlu.framework; sourceTree = BUILT_PRODUCTS_DIR; };
		F76504E71EFD08A8007FF022 /* SnipsNlu-macOSTests.xctest */ = {isa = PBXFileReference; explicitFileType = wrapper.cfbundle; includeInIndex = 0; path = "SnipsNlu-macOSTests.xctest"; sourceTree = BUILT_PRODUCTS_DIR; };
		F76504FE1EFD0A49007FF022 /* NluEngineTests.swift */ = {isa = PBXFileReference; fileEncoding = 4; lastKnownFileType = sourcecode.swift; path = NluEngineTests.swift; sourceTree = "<group>"; };
		F7A829062099E58A007554FE /* Dependencies */ = {isa = PBXFileReference; lastKnownFileType = folder; path = Dependencies; sourceTree = "<group>"; };
		F7ED4D631F829D1700703763 /* build.sh */ = {isa = PBXFileReference; lastKnownFileType = text.script.sh; name = build.sh; path = Dependencies/build.sh; sourceTree = "<group>"; };
		F7FC427E2058178F0047F56A /* libbz2.tbd */ = {isa = PBXFileReference; lastKnownFileType = "sourcecode.text-based-dylib-definition"; name = libbz2.tbd; path = Platforms/iPhoneOS.platform/Developer/SDKs/iPhoneOS11.2.sdk/usr/lib/libbz2.tbd; sourceTree = DEVELOPER_DIR; };
		F7FC42802058198B0047F56A /* libresolv.tbd */ = {isa = PBXFileReference; lastKnownFileType = "sourcecode.text-based-dylib-definition"; name = libresolv.tbd; path = Platforms/iPhoneOS.platform/Developer/SDKs/iPhoneOS11.2.sdk/usr/lib/libresolv.tbd; sourceTree = DEVELOPER_DIR; };
		F7FC428320581A270047F56A /* libresolv.tbd */ = {isa = PBXFileReference; lastKnownFileType = "sourcecode.text-based-dylib-definition"; name = libresolv.tbd; path = usr/lib/libresolv.tbd; sourceTree = SDKROOT; };
/* End PBXFileReference section */

/* Begin PBXFrameworksBuildPhase section */
		F76504BA1EFD086C007FF022 /* Frameworks */ = {
			isa = PBXFrameworksBuildPhase;
			buildActionMask = 2147483647;
			files = (
				F7FC4282205819C40047F56A /* libresolv.tbd in Frameworks */,
				F7FC427F2058178F0047F56A /* libbz2.tbd in Frameworks */,
			);
			runOnlyForDeploymentPostprocessing = 0;
		};
		F76504C41EFD086C007FF022 /* Frameworks */ = {
			isa = PBXFrameworksBuildPhase;
			buildActionMask = 2147483647;
			files = (
				F76504C81EFD086C007FF022 /* SnipsNlu.framework in Frameworks */,
			);
			runOnlyForDeploymentPostprocessing = 0;
		};
		F76504DB1EFD08A8007FF022 /* Frameworks */ = {
			isa = PBXFrameworksBuildPhase;
			buildActionMask = 2147483647;
			files = (
				F7FC428420581A270047F56A /* libresolv.tbd in Frameworks */,
			);
			runOnlyForDeploymentPostprocessing = 0;
		};
		F76504E41EFD08A8007FF022 /* Frameworks */ = {
			isa = PBXFrameworksBuildPhase;
			buildActionMask = 2147483647;
			files = (
				F76504E81EFD08A8007FF022 /* SnipsNlu.framework in Frameworks */,
			);
			runOnlyForDeploymentPostprocessing = 0;
		};
/* End PBXFrameworksBuildPhase section */

/* Begin PBXGroup section */
		F76504B41EFD086C007FF022 = {
			isa = PBXGroup;
			children = (
				F7ED4D631F829D1700703763 /* build.sh */,
				F7A829062099E58A007554FE /* Dependencies */,
				F76504C01EFD086C007FF022 /* SnipsNlu */,
				F76504CB1EFD086C007FF022 /* SnipsNluTests */,
				F76504BF1EFD086C007FF022 /* Products */,
				F7AFF35D1F8293710022948A /* Frameworks */,
			);
			sourceTree = "<group>";
		};
		F76504BF1EFD086C007FF022 /* Products */ = {
			isa = PBXGroup;
			children = (
				F76504BE1EFD086C007FF022 /* SnipsNlu.framework */,
				F76504C71EFD086C007FF022 /* SnipsNlu-iOSTests.xctest */,
				F76504DF1EFD08A8007FF022 /* SnipsNlu.framework */,
				F76504E71EFD08A8007FF022 /* SnipsNlu-macOSTests.xctest */,
			);
			name = Products;
			sourceTree = "<group>";
		};
		F76504C01EFD086C007FF022 /* SnipsNlu */ = {
			isa = PBXGroup;
			children = (
				F76504C11EFD086C007FF022 /* SnipsNlu.h */,
				F76280F71EFD0AB000A6D248 /* NluEngine.swift */,
				F76504C21EFD086C007FF022 /* Info.plist */,
			);
			path = SnipsNlu;
			sourceTree = "<group>";
		};
		F76504CB1EFD086C007FF022 /* SnipsNluTests */ = {
			isa = PBXGroup;
			children = (
				F76504FE1EFD0A49007FF022 /* NluEngineTests.swift */,
				F79B6F5D201644A200394C57 /* Resources */,
				F76504CE1EFD086C007FF022 /* Info.plist */,
			);
			path = SnipsNluTests;
			sourceTree = "<group>";
		};
		F79B6F5D201644A200394C57 /* Resources */ = {
			isa = PBXGroup;
			children = (
				7A92822520F65F9100DC3623 /* trained_engine.zip */,
				7A92822220F65F8000DC3623 /* trained_engine */,
			);
			name = Resources;
			sourceTree = "<group>";
		};
		F7AFF35D1F8293710022948A /* Frameworks */ = {
			isa = PBXGroup;
			children = (
				F7FC42802058198B0047F56A /* libresolv.tbd */,
				F7FC428320581A270047F56A /* libresolv.tbd */,
				F7FC427E2058178F0047F56A /* libbz2.tbd */,
			);
			name = Frameworks;
			sourceTree = "<group>";
		};
/* End PBXGroup section */

/* Begin PBXHeadersBuildPhase section */
		F76504BB1EFD086C007FF022 /* Headers */ = {
			isa = PBXHeadersBuildPhase;
			buildActionMask = 2147483647;
			files = (
				F76504CF1EFD086C007FF022 /* SnipsNlu.h in Headers */,
			);
			runOnlyForDeploymentPostprocessing = 0;
		};
		F76504DC1EFD08A8007FF022 /* Headers */ = {
			isa = PBXHeadersBuildPhase;
			buildActionMask = 2147483647;
			files = (
			);
			runOnlyForDeploymentPostprocessing = 0;
		};
/* End PBXHeadersBuildPhase section */

/* Begin PBXNativeTarget section */
		F76504BD1EFD086C007FF022 /* SnipsNlu-iOS */ = {
			isa = PBXNativeTarget;
			buildConfigurationList = F76504D21EFD086C007FF022 /* Build configuration list for PBXNativeTarget "SnipsNlu-iOS" */;
			buildPhases = (
				F7A91A3E1EFD0ADC0008C472 /* Download Core */,
				F76504B91EFD086C007FF022 /* Sources */,
				F76504BA1EFD086C007FF022 /* Frameworks */,
				F76504BB1EFD086C007FF022 /* Headers */,
				F76504BC1EFD086C007FF022 /* Resources */,
			);
			buildRules = (
			);
			dependencies = (
			);
			name = "SnipsNlu-iOS";
			productName = SnipsNlu;
			productReference = F76504BE1EFD086C007FF022 /* SnipsNlu.framework */;
			productType = "com.apple.product-type.framework";
		};
		F76504C61EFD086C007FF022 /* SnipsNlu-iOSTests */ = {
			isa = PBXNativeTarget;
			buildConfigurationList = F76504D51EFD086C007FF022 /* Build configuration list for PBXNativeTarget "SnipsNlu-iOSTests" */;
			buildPhases = (
				F76504C31EFD086C007FF022 /* Sources */,
				F76504C41EFD086C007FF022 /* Frameworks */,
				F76504C51EFD086C007FF022 /* Resources */,
			);
			buildRules = (
			);
			dependencies = (
				F76504CA1EFD086C007FF022 /* PBXTargetDependency */,
			);
			name = "SnipsNlu-iOSTests";
			productName = SnipsNluTests;
			productReference = F76504C71EFD086C007FF022 /* SnipsNlu-iOSTests.xctest */;
			productType = "com.apple.product-type.bundle.unit-test";
		};
		F76504DE1EFD08A8007FF022 /* SnipsNlu-macOS */ = {
			isa = PBXNativeTarget;
			buildConfigurationList = F76504F01EFD08A8007FF022 /* Build configuration list for PBXNativeTarget "SnipsNlu-macOS" */;
			buildPhases = (
				F7A91A3F1EFD0AEE0008C472 /* Download Core */,
				F76504DA1EFD08A8007FF022 /* Sources */,
				F76504DB1EFD08A8007FF022 /* Frameworks */,
				F76504DC1EFD08A8007FF022 /* Headers */,
				F76504DD1EFD08A8007FF022 /* Resources */,
			);
			buildRules = (
			);
			dependencies = (
			);
			name = "SnipsNlu-macOS";
			productName = "SnipsNlu-macOS";
			productReference = F76504DF1EFD08A8007FF022 /* SnipsNlu.framework */;
			productType = "com.apple.product-type.framework";
		};
		F76504E61EFD08A8007FF022 /* SnipsNlu-macOSTests */ = {
			isa = PBXNativeTarget;
			buildConfigurationList = F76504F31EFD08A8007FF022 /* Build configuration list for PBXNativeTarget "SnipsNlu-macOSTests" */;
			buildPhases = (
				F76504E31EFD08A8007FF022 /* Sources */,
				F76504E41EFD08A8007FF022 /* Frameworks */,
				F76504E51EFD08A8007FF022 /* Resources */,
			);
			buildRules = (
			);
			dependencies = (
				F76504EA1EFD08A8007FF022 /* PBXTargetDependency */,
			);
			name = "SnipsNlu-macOSTests";
			productName = "SnipsNlu-macOSTests";
			productReference = F76504E71EFD08A8007FF022 /* SnipsNlu-macOSTests.xctest */;
			productType = "com.apple.product-type.bundle.unit-test";
		};
/* End PBXNativeTarget section */

/* Begin PBXProject section */
		F76504B51EFD086C007FF022 /* Project object */ = {
			isa = PBXProject;
			attributes = {
				LastSwiftUpdateCheck = 0830;
				LastUpgradeCheck = 0930;
				ORGANIZATIONNAME = Snips;
				TargetAttributes = {
					F76504BD1EFD086C007FF022 = {
						CreatedOnToolsVersion = 8.3.3;
						LastSwiftMigration = 0900;
						ProvisioningStyle = Automatic;
					};
					F76504C61EFD086C007FF022 = {
						CreatedOnToolsVersion = 8.3.3;
						LastSwiftMigration = 0900;
						ProvisioningStyle = Automatic;
					};
					F76504DE1EFD08A8007FF022 = {
						CreatedOnToolsVersion = 8.3.3;
						LastSwiftMigration = 0900;
						ProvisioningStyle = Automatic;
					};
					F76504E61EFD08A8007FF022 = {
						CreatedOnToolsVersion = 8.3.3;
						LastSwiftMigration = 0900;
						ProvisioningStyle = Automatic;
					};
				};
			};
			buildConfigurationList = F76504B81EFD086C007FF022 /* Build configuration list for PBXProject "SnipsNlu" */;
			compatibilityVersion = "Xcode 3.2";
			developmentRegion = English;
			hasScannedForEncodings = 0;
			knownRegions = (
				en,
			);
			mainGroup = F76504B41EFD086C007FF022;
			productRefGroup = F76504BF1EFD086C007FF022 /* Products */;
			projectDirPath = "";
			projectRoot = "";
			targets = (
				F76504BD1EFD086C007FF022 /* SnipsNlu-iOS */,
				F76504DE1EFD08A8007FF022 /* SnipsNlu-macOS */,
				F76504C61EFD086C007FF022 /* SnipsNlu-iOSTests */,
				F76504E61EFD08A8007FF022 /* SnipsNlu-macOSTests */,
			);
		};
/* End PBXProject section */

/* Begin PBXResourcesBuildPhase section */
		F76504BC1EFD086C007FF022 /* Resources */ = {
			isa = PBXResourcesBuildPhase;
			buildActionMask = 2147483647;
			files = (
			);
			runOnlyForDeploymentPostprocessing = 0;
		};
		F76504C51EFD086C007FF022 /* Resources */ = {
			isa = PBXResourcesBuildPhase;
			buildActionMask = 2147483647;
			files = (
				7A92822320F65F8000DC3623 /* trained_engine in Resources */,
				7A92822620F65F9200DC3623 /* trained_engine.zip in Resources */,
			);
			runOnlyForDeploymentPostprocessing = 0;
		};
		F76504DD1EFD08A8007FF022 /* Resources */ = {
			isa = PBXResourcesBuildPhase;
			buildActionMask = 2147483647;
			files = (
			);
			runOnlyForDeploymentPostprocessing = 0;
		};
		F76504E51EFD08A8007FF022 /* Resources */ = {
			isa = PBXResourcesBuildPhase;
			buildActionMask = 2147483647;
			files = (
				7A92822420F65F8000DC3623 /* trained_engine in Resources */,
				7A92822720F65F9200DC3623 /* trained_engine.zip in Resources */,
			);
			runOnlyForDeploymentPostprocessing = 0;
		};
/* End PBXResourcesBuildPhase section */

/* Begin PBXShellScriptBuildPhase section */
		F7A91A3E1EFD0ADC0008C472 /* Download Core */ = {
			isa = PBXShellScriptBuildPhase;
			buildActionMask = 2147483647;
			files = (
			);
			inputPaths = (
			);
			name = "Download Core";
			outputPaths = (
			);
			runOnlyForDeploymentPostprocessing = 0;
			shellPath = /bin/sh;
			shellScript = "$PROJECT_DIR/Dependencies/build.sh ios";
		};
		F7A91A3F1EFD0AEE0008C472 /* Download Core */ = {
			isa = PBXShellScriptBuildPhase;
			buildActionMask = 2147483647;
			files = (
			);
			inputPaths = (
			);
			name = "Download Core";
			outputPaths = (
			);
			runOnlyForDeploymentPostprocessing = 0;
			shellPath = /bin/sh;
			shellScript = "$PROJECT_DIR/Dependencies/build.sh macos";
		};
/* End PBXShellScriptBuildPhase section */

/* Begin PBXSourcesBuildPhase section */
		F76504B91EFD086C007FF022 /* Sources */ = {
			isa = PBXSourcesBuildPhase;
			buildActionMask = 2147483647;
			files = (
				F76280F81EFD0AB000A6D248 /* NluEngine.swift in Sources */,
			);
			runOnlyForDeploymentPostprocessing = 0;
		};
		F76504C31EFD086C007FF022 /* Sources */ = {
			isa = PBXSourcesBuildPhase;
			buildActionMask = 2147483647;
			files = (
				F76505011EFD0A49007FF022 /* NluEngineTests.swift in Sources */,
			);
			runOnlyForDeploymentPostprocessing = 0;
		};
		F76504DA1EFD08A8007FF022 /* Sources */ = {
			isa = PBXSourcesBuildPhase;
			buildActionMask = 2147483647;
			files = (
				F76280F91EFD0AB000A6D248 /* NluEngine.swift in Sources */,
			);
			runOnlyForDeploymentPostprocessing = 0;
		};
		F76504E31EFD08A8007FF022 /* Sources */ = {
			isa = PBXSourcesBuildPhase;
			buildActionMask = 2147483647;
			files = (
				F76505021EFD0A49007FF022 /* NluEngineTests.swift in Sources */,
			);
			runOnlyForDeploymentPostprocessing = 0;
		};
/* End PBXSourcesBuildPhase section */

/* Begin PBXTargetDependency section */
		F76504CA1EFD086C007FF022 /* PBXTargetDependency */ = {
			isa = PBXTargetDependency;
			target = F76504BD1EFD086C007FF022 /* SnipsNlu-iOS */;
			targetProxy = F76504C91EFD086C007FF022 /* PBXContainerItemProxy */;
		};
		F76504EA1EFD08A8007FF022 /* PBXTargetDependency */ = {
			isa = PBXTargetDependency;
			target = F76504DE1EFD08A8007FF022 /* SnipsNlu-macOS */;
			targetProxy = F76504E91EFD08A8007FF022 /* PBXContainerItemProxy */;
		};
/* End PBXTargetDependency section */

/* Begin XCBuildConfiguration section */
		F76504D01EFD086C007FF022 /* Debug */ = {
			isa = XCBuildConfiguration;
			buildSettings = {
				ALWAYS_SEARCH_USER_PATHS = NO;
				CLANG_ANALYZER_NONNULL = YES;
				CLANG_ANALYZER_NUMBER_OBJECT_CONVERSION = YES_AGGRESSIVE;
				CLANG_CXX_LANGUAGE_STANDARD = "gnu++0x";
				CLANG_CXX_LIBRARY = "libc++";
				CLANG_ENABLE_MODULES = YES;
				CLANG_ENABLE_OBJC_ARC = YES;
				CLANG_WARN_BLOCK_CAPTURE_AUTORELEASING = YES;
				CLANG_WARN_BOOL_CONVERSION = YES;
				CLANG_WARN_COMMA = YES;
				CLANG_WARN_CONSTANT_CONVERSION = YES;
				CLANG_WARN_DEPRECATED_OBJC_IMPLEMENTATIONS = YES;
				CLANG_WARN_DIRECT_OBJC_ISA_USAGE = YES_ERROR;
				CLANG_WARN_DOCUMENTATION_COMMENTS = YES;
				CLANG_WARN_EMPTY_BODY = YES;
				CLANG_WARN_ENUM_CONVERSION = YES;
				CLANG_WARN_INFINITE_RECURSION = YES;
				CLANG_WARN_INT_CONVERSION = YES;
				CLANG_WARN_NON_LITERAL_NULL_CONVERSION = YES;
				CLANG_WARN_OBJC_IMPLICIT_RETAIN_SELF = YES;
				CLANG_WARN_OBJC_LITERAL_CONVERSION = YES;
				CLANG_WARN_OBJC_ROOT_CLASS = YES_ERROR;
				CLANG_WARN_RANGE_LOOP_ANALYSIS = YES;
				CLANG_WARN_STRICT_PROTOTYPES = YES;
				CLANG_WARN_SUSPICIOUS_MOVE = YES;
				CLANG_WARN_UNREACHABLE_CODE = YES;
				CLANG_WARN__DUPLICATE_METHOD_MATCH = YES;
				"CODE_SIGN_IDENTITY[sdk=iphoneos*]" = "iPhone Developer";
				COPY_PHASE_STRIP = NO;
				CURRENT_PROJECT_VERSION = 1;
				DEBUG_INFORMATION_FORMAT = dwarf;
				ENABLE_STRICT_OBJC_MSGSEND = YES;
				ENABLE_TESTABILITY = YES;
				GCC_C_LANGUAGE_STANDARD = gnu99;
				GCC_DYNAMIC_NO_PIC = NO;
				GCC_NO_COMMON_BLOCKS = YES;
				GCC_OPTIMIZATION_LEVEL = 0;
				GCC_PREPROCESSOR_DEFINITIONS = (
					"DEBUG=1",
					"$(inherited)",
				);
				GCC_WARN_64_TO_32_BIT_CONVERSION = YES;
				GCC_WARN_ABOUT_RETURN_TYPE = YES_ERROR;
				GCC_WARN_UNDECLARED_SELECTOR = YES;
				GCC_WARN_UNINITIALIZED_AUTOS = YES_AGGRESSIVE;
				GCC_WARN_UNUSED_FUNCTION = YES;
				GCC_WARN_UNUSED_VARIABLE = YES;
				IPHONEOS_DEPLOYMENT_TARGET = 8.0;
				MACOSX_DEPLOYMENT_TARGET = 10.13;
				MTL_ENABLE_DEBUG_INFO = YES;
				ONLY_ACTIVE_ARCH = YES;
				SWIFT_ACTIVE_COMPILATION_CONDITIONS = DEBUG;
				SWIFT_OPTIMIZATION_LEVEL = "-Onone";
				TARGETED_DEVICE_FAMILY = "1,2";
				VERSIONING_SYSTEM = "apple-generic";
				VERSION_INFO_PREFIX = "";
			};
			name = Debug;
		};
		F76504D11EFD086C007FF022 /* Release */ = {
			isa = XCBuildConfiguration;
			buildSettings = {
				ALWAYS_SEARCH_USER_PATHS = NO;
				CLANG_ANALYZER_NONNULL = YES;
				CLANG_ANALYZER_NUMBER_OBJECT_CONVERSION = YES_AGGRESSIVE;
				CLANG_CXX_LANGUAGE_STANDARD = "gnu++0x";
				CLANG_CXX_LIBRARY = "libc++";
				CLANG_ENABLE_MODULES = YES;
				CLANG_ENABLE_OBJC_ARC = YES;
				CLANG_WARN_BLOCK_CAPTURE_AUTORELEASING = YES;
				CLANG_WARN_BOOL_CONVERSION = YES;
				CLANG_WARN_COMMA = YES;
				CLANG_WARN_CONSTANT_CONVERSION = YES;
				CLANG_WARN_DEPRECATED_OBJC_IMPLEMENTATIONS = YES;
				CLANG_WARN_DIRECT_OBJC_ISA_USAGE = YES_ERROR;
				CLANG_WARN_DOCUMENTATION_COMMENTS = YES;
				CLANG_WARN_EMPTY_BODY = YES;
				CLANG_WARN_ENUM_CONVERSION = YES;
				CLANG_WARN_INFINITE_RECURSION = YES;
				CLANG_WARN_INT_CONVERSION = YES;
				CLANG_WARN_NON_LITERAL_NULL_CONVERSION = YES;
				CLANG_WARN_OBJC_IMPLICIT_RETAIN_SELF = YES;
				CLANG_WARN_OBJC_LITERAL_CONVERSION = YES;
				CLANG_WARN_OBJC_ROOT_CLASS = YES_ERROR;
				CLANG_WARN_RANGE_LOOP_ANALYSIS = YES;
				CLANG_WARN_STRICT_PROTOTYPES = YES;
				CLANG_WARN_SUSPICIOUS_MOVE = YES;
				CLANG_WARN_UNREACHABLE_CODE = YES;
				CLANG_WARN__DUPLICATE_METHOD_MATCH = YES;
				"CODE_SIGN_IDENTITY[sdk=iphoneos*]" = "iPhone Developer";
				COPY_PHASE_STRIP = NO;
				CURRENT_PROJECT_VERSION = 1;
				DEBUG_INFORMATION_FORMAT = "dwarf-with-dsym";
				ENABLE_NS_ASSERTIONS = NO;
				ENABLE_STRICT_OBJC_MSGSEND = YES;
				GCC_C_LANGUAGE_STANDARD = gnu99;
				GCC_NO_COMMON_BLOCKS = YES;
				GCC_WARN_64_TO_32_BIT_CONVERSION = YES;
				GCC_WARN_ABOUT_RETURN_TYPE = YES_ERROR;
				GCC_WARN_UNDECLARED_SELECTOR = YES;
				GCC_WARN_UNINITIALIZED_AUTOS = YES_AGGRESSIVE;
				GCC_WARN_UNUSED_FUNCTION = YES;
				GCC_WARN_UNUSED_VARIABLE = YES;
				IPHONEOS_DEPLOYMENT_TARGET = 8.0;
				MACOSX_DEPLOYMENT_TARGET = 10.13;
				MTL_ENABLE_DEBUG_INFO = NO;
				SWIFT_OPTIMIZATION_LEVEL = "-Owholemodule";
				TARGETED_DEVICE_FAMILY = "1,2";
				VALIDATE_PRODUCT = YES;
				VERSIONING_SYSTEM = "apple-generic";
				VERSION_INFO_PREFIX = "";
			};
			name = Release;
		};
		F76504D31EFD086C007FF022 /* Debug */ = {
			isa = XCBuildConfiguration;
			buildSettings = {
				CLANG_ENABLE_MODULES = YES;
				CODE_SIGN_IDENTITY = "";
				DEFINES_MODULE = YES;
				DYLIB_COMPATIBILITY_VERSION = 1;
				DYLIB_CURRENT_VERSION = 1;
				DYLIB_INSTALL_NAME_BASE = "@rpath";
				ENABLE_BITCODE = NO;
				INFOPLIST_FILE = SnipsNlu/Info.plist;
				INSTALL_PATH = "$(LOCAL_LIBRARY_DIR)/Frameworks";
				LD_RUNPATH_SEARCH_PATHS = "$(inherited) @executable_path/Frameworks @loader_path/Frameworks";
				LIBRARY_SEARCH_PATHS = "${PROJECT_DIR}/Dependencies/ios";
				PRODUCT_BUNDLE_IDENTIFIER = ai.snips.SnipsNlu;
				PRODUCT_NAME = SnipsNlu;
				SDKROOT = iphoneos;
				SKIP_INSTALL = YES;
				SWIFT_INCLUDE_PATHS = "${PROJECT_DIR}/Dependencies/ios";
				SWIFT_OPTIMIZATION_LEVEL = "-Onone";
				SWIFT_VERSION = 4.0;
			};
			name = Debug;
		};
		F76504D41EFD086C007FF022 /* Release */ = {
			isa = XCBuildConfiguration;
			buildSettings = {
				CLANG_ENABLE_MODULES = YES;
				CODE_SIGN_IDENTITY = "";
				DEFINES_MODULE = YES;
				DYLIB_COMPATIBILITY_VERSION = 1;
				DYLIB_CURRENT_VERSION = 1;
				DYLIB_INSTALL_NAME_BASE = "@rpath";
				ENABLE_BITCODE = NO;
				INFOPLIST_FILE = SnipsNlu/Info.plist;
				INSTALL_PATH = "$(LOCAL_LIBRARY_DIR)/Frameworks";
				LD_RUNPATH_SEARCH_PATHS = "$(inherited) @executable_path/Frameworks @loader_path/Frameworks";
				LIBRARY_SEARCH_PATHS = "${PROJECT_DIR}/Dependencies/ios";
				PRODUCT_BUNDLE_IDENTIFIER = ai.snips.SnipsNlu;
				PRODUCT_NAME = SnipsNlu;
				SDKROOT = iphoneos;
				SKIP_INSTALL = YES;
				SWIFT_INCLUDE_PATHS = "${PROJECT_DIR}/Dependencies/ios";
				SWIFT_VERSION = 4.0;
			};
			name = Release;
		};
		F76504D61EFD086C007FF022 /* Debug */ = {
			isa = XCBuildConfiguration;
			buildSettings = {
				ALWAYS_EMBED_SWIFT_STANDARD_LIBRARIES = YES;
				CLANG_ENABLE_MODULES = YES;
				INFOPLIST_FILE = SnipsNluTests/Info.plist;
				LD_RUNPATH_SEARCH_PATHS = "$(inherited) @executable_path/Frameworks @loader_path/Frameworks";
				PRODUCT_BUNDLE_IDENTIFIER = ai.snips.SnipsNluTests;
				PRODUCT_NAME = "$(TARGET_NAME)";
				SDKROOT = iphoneos;
				SWIFT_OPTIMIZATION_LEVEL = "-Onone";
				SWIFT_VERSION = 4.0;
			};
			name = Debug;
		};
		F76504D71EFD086C007FF022 /* Release */ = {
			isa = XCBuildConfiguration;
			buildSettings = {
				ALWAYS_EMBED_SWIFT_STANDARD_LIBRARIES = YES;
				CLANG_ENABLE_MODULES = YES;
				INFOPLIST_FILE = SnipsNluTests/Info.plist;
				LD_RUNPATH_SEARCH_PATHS = "$(inherited) @executable_path/Frameworks @loader_path/Frameworks";
				PRODUCT_BUNDLE_IDENTIFIER = ai.snips.SnipsNluTests;
				PRODUCT_NAME = "$(TARGET_NAME)";
				SDKROOT = iphoneos;
				SWIFT_VERSION = 4.0;
			};
			name = Release;
		};
		F76504F11EFD08A8007FF022 /* Debug */ = {
			isa = XCBuildConfiguration;
			buildSettings = {
				CODE_SIGN_IDENTITY = "-";
				COMBINE_HIDPI_IMAGES = YES;
				DEFINES_MODULE = YES;
				DYLIB_COMPATIBILITY_VERSION = 1;
				DYLIB_CURRENT_VERSION = 1;
				DYLIB_INSTALL_NAME_BASE = "@rpath";
				FRAMEWORK_VERSION = A;
				HEADER_SEARCH_PATHS = "${PROJECT_DIR}/Dependencies/macos";
				INFOPLIST_FILE = SnipsNlu/Info.plist;
				INSTALL_PATH = "$(LOCAL_LIBRARY_DIR)/Frameworks";
				LD_RUNPATH_SEARCH_PATHS = "$(inherited) @executable_path/../Frameworks @loader_path/Frameworks";
				LIBRARY_SEARCH_PATHS = "${PROJECT_DIR}/Dependencies/macos";
				PRODUCT_BUNDLE_IDENTIFIER = ai.snips.SnipsNlu;
				PRODUCT_NAME = SnipsNlu;
				SDKROOT = macosx;
				SKIP_INSTALL = YES;
				SWIFT_INCLUDE_PATHS = "${PROJECT_DIR}/Dependencies/macos";
				SWIFT_VERSION = 4.0;
			};
			name = Debug;
		};
		F76504F21EFD08A8007FF022 /* Release */ = {
			isa = XCBuildConfiguration;
			buildSettings = {
				CODE_SIGN_IDENTITY = "-";
				COMBINE_HIDPI_IMAGES = YES;
				DEFINES_MODULE = YES;
				DYLIB_COMPATIBILITY_VERSION = 1;
				DYLIB_CURRENT_VERSION = 1;
				DYLIB_INSTALL_NAME_BASE = "@rpath";
				FRAMEWORK_VERSION = A;
				HEADER_SEARCH_PATHS = "${PROJECT_DIR}/Dependencies/macos";
				INFOPLIST_FILE = SnipsNlu/Info.plist;
				INSTALL_PATH = "$(LOCAL_LIBRARY_DIR)/Frameworks";
				LD_RUNPATH_SEARCH_PATHS = "$(inherited) @executable_path/../Frameworks @loader_path/Frameworks";
				LIBRARY_SEARCH_PATHS = "${PROJECT_DIR}/Dependencies/macos";
				PRODUCT_BUNDLE_IDENTIFIER = ai.snips.SnipsNlu;
				PRODUCT_NAME = SnipsNlu;
				SDKROOT = macosx;
				SKIP_INSTALL = YES;
				SWIFT_INCLUDE_PATHS = "${PROJECT_DIR}/Dependencies/macos";
				SWIFT_VERSION = 4.0;
			};
			name = Release;
		};
		F76504F41EFD08A8007FF022 /* Debug */ = {
			isa = XCBuildConfiguration;
			buildSettings = {
				ALWAYS_EMBED_SWIFT_STANDARD_LIBRARIES = YES;
				CLANG_ENABLE_MODULES = YES;
				CODE_SIGN_IDENTITY = "-";
				COMBINE_HIDPI_IMAGES = YES;
				INFOPLIST_FILE = SnipsNlu/Info.plist;
				LD_RUNPATH_SEARCH_PATHS = "$(inherited) @executable_path/../Frameworks @loader_path/../Frameworks";
				PRODUCT_BUNDLE_IDENTIFIER = ai.snips.SnipsNluTests;
				PRODUCT_NAME = "$(TARGET_NAME)";
				SDKROOT = macosx;
				SWIFT_OPTIMIZATION_LEVEL = "-Onone";
				SWIFT_VERSION = 4.0;
			};
			name = Debug;
		};
		F76504F51EFD08A8007FF022 /* Release */ = {
			isa = XCBuildConfiguration;
			buildSettings = {
				ALWAYS_EMBED_SWIFT_STANDARD_LIBRARIES = YES;
				CLANG_ENABLE_MODULES = YES;
				CODE_SIGN_IDENTITY = "-";
				COMBINE_HIDPI_IMAGES = YES;
				INFOPLIST_FILE = SnipsNlu/Info.plist;
				LD_RUNPATH_SEARCH_PATHS = "$(inherited) @executable_path/../Frameworks @loader_path/../Frameworks";
				PRODUCT_BUNDLE_IDENTIFIER = ai.snips.SnipsNluTests;
				PRODUCT_NAME = "$(TARGET_NAME)";
				SDKROOT = macosx;
				SWIFT_VERSION = 4.0;
			};
			name = Release;
		};
/* End XCBuildConfiguration section */

/* Begin XCConfigurationList section */
		F76504B81EFD086C007FF022 /* Build configuration list for PBXProject "SnipsNlu" */ = {
			isa = XCConfigurationList;
			buildConfigurations = (
				F76504D01EFD086C007FF022 /* Debug */,
				F76504D11EFD086C007FF022 /* Release */,
			);
			defaultConfigurationIsVisible = 0;
			defaultConfigurationName = Release;
		};
		F76504D21EFD086C007FF022 /* Build configuration list for PBXNativeTarget "SnipsNlu-iOS" */ = {
			isa = XCConfigurationList;
			buildConfigurations = (
				F76504D31EFD086C007FF022 /* Debug */,
				F76504D41EFD086C007FF022 /* Release */,
			);
			defaultConfigurationIsVisible = 0;
			defaultConfigurationName = Release;
		};
		F76504D51EFD086C007FF022 /* Build configuration list for PBXNativeTarget "SnipsNlu-iOSTests" */ = {
			isa = XCConfigurationList;
			buildConfigurations = (
				F76504D61EFD086C007FF022 /* Debug */,
				F76504D71EFD086C007FF022 /* Release */,
			);
			defaultConfigurationIsVisible = 0;
			defaultConfigurationName = Release;
		};
		F76504F01EFD08A8007FF022 /* Build configuration list for PBXNativeTarget "SnipsNlu-macOS" */ = {
			isa = XCConfigurationList;
			buildConfigurations = (
				F76504F11EFD08A8007FF022 /* Debug */,
				F76504F21EFD08A8007FF022 /* Release */,
			);
			defaultConfigurationIsVisible = 0;
			defaultConfigurationName = Release;
		};
		F76504F31EFD08A8007FF022 /* Build configuration list for PBXNativeTarget "SnipsNlu-macOSTests" */ = {
			isa = XCConfigurationList;
			buildConfigurations = (
				F76504F41EFD08A8007FF022 /* Debug */,
				F76504F51EFD08A8007FF022 /* Release */,
			);
			defaultConfigurationIsVisible = 0;
			defaultConfigurationName = Release;
		};
/* End XCConfigurationList section */
	};
	rootObject = F76504B51EFD086C007FF022 /* Project object */;
}
